<Solution>
  <Project Path="ShopBackend.Application/ShopBackend.Application.csproj" />
  <Project Path="ShopBackend.Domain/ShopBackend.Domain.csproj" />
  <Project Path="ShopBackend.Infrastructure/ShopBackend.Infrastructure.csproj" />
  <Project Path="ShopBackend.Tests/ShopBackend.Tests.csproj" />
  <Project Path="WebApplication1/ShopBackend.API.csproj" />
</Solution>
